
Microsoft Visual Studio Solution File, Format Version 12.00
# Visual Studio Version 17
VisualStudioVersion = 17.13.35931.197 d17.13
MinimumVisualStudioVersion = 10.0.40219.1
Project("{8BC9CEB8-8B4A-11D0-8D11-00A0C91BC942}") = "AL4_10_3", "AL4_10_3.vcxproj", "{D5ABA128-855F-4E18-A232-C26CE53F8B91}"
EndProject
Global
	GlobalSection(SolutionConfigurationPlatforms) = preSolution
		Debug|x64 = Debug|x64
		Release|x64 = Release|x64
	EndGlobalSection
	GlobalSection(ProjectConfigurationPlatforms) = postSolution
		{D5ABA128-855F-4E18-A232-C26CE53F8B91}.Debug|x64.ActiveCfg = Debug|x64
		{D5ABA128-855F-4E18-A232-C26CE53F8B91}.Debug|x64.Build.0 = Debug|x64
		{D5ABA128-855F-4E18-A232-C26CE53F8B91}.Release|x64.ActiveCfg = Release|x64
		{D5ABA128-855F-4E18-A232-C26CE53F8B91}.Release|x64.Build.0 = Release|x64
	EndGlobalSection
	GlobalSection(SolutionProperties) = preSolution
		HideSolutionNode = FALSE
	EndGlobalSection
	GlobalSection(ExtensibilityGlobals) = postSolution
		SolutionGuid = {5C140E65-303D-45BE-9AB9-74757C764BD1}
	EndGlobalSection
EndGlobal
